
Microsoft Visual Studio Solution File, Format Version 11.00
# Visual Studio 2010
Project("{FAE04EC0-301F-11D3-BF4B-00C04F79EFBC}") = "suma", "suma\suma.csproj", "{3E4B1BB2-EDF6-4556-B6F7-A5A7B5B56208}"
EndProject
Global
	GlobalSection(SolutionConfigurationPlatforms) = preSolution
		Debug|x86 = Debug|x86
		Release|x86 = Release|x86
	EndGlobalSection
	GlobalSection(ProjectConfigurationPlatforms) = postSolution
		{3E4B1BB2-EDF6-4556-B6F7-A5A7B5B56208}.Debug|x86.ActiveCfg = Debug|x86
		{3E4B1BB2-EDF6-4556-B6F7-A5A7B5B56208}.Debug|x86.Build.0 = Debug|x86
		{3E4B1BB2-EDF6-4556-B6F7-A5A7B5B56208}.Release|x86.ActiveCfg = Release|x86
		{3E4B1BB2-EDF6-4556-B6F7-A5A7B5B56208}.Release|x86.Build.0 = Release|x86
	EndGlobalSection
	GlobalSection(MonoDevelopProperties) = preSolution
		StartupItem = suma\suma.csproj
	EndGlobalSection
EndGlobal
